
Microsoft Visual Studio Solution File, Format Version 12.00
# Visual Studio Version 16
VisualStudioVersion = 16.0.29806.167
MinimumVisualStudioVersion = 10.0.40219.1
Project("{FAE04EC0-301F-11D3-BF4B-00C04F79EFBC}") = "BinarySearch", "BinarySearch\BinarySearch.csproj", "{DC87D98F-EC4C-4BBC-9614-71B1F4789BFB}"
EndProject
Global
	GlobalSection(SolutionConfigurationPlatforms) = preSolution
		Debug|Any CPU = Debug|Any CPU
		Release|Any CPU = Release|Any CPU
	EndGlobalSection
	GlobalSection(ProjectConfigurationPlatforms) = postSolution
		{DC87D98F-EC4C-4BBC-9614-71B1F4789BFB}.Debug|Any CPU.ActiveCfg = Debug|Any CPU
		{DC87D98F-EC4C-4BBC-9614-71B1F4789BFB}.Debug|Any CPU.Build.0 = Debug|Any CPU
		{DC87D98F-EC4C-4BBC-9614-71B1F4789BFB}.Release|Any CPU.ActiveCfg = Release|Any CPU
		{DC87D98F-EC4C-4BBC-9614-71B1F4789BFB}.Release|Any CPU.Build.0 = Release|Any CPU
	EndGlobalSection
	GlobalSection(SolutionProperties) = preSolution
		HideSolutionNode = FALSE
	EndGlobalSection
	GlobalSection(ExtensibilityGlobals) = postSolution
		SolutionGuid = {D8F1ABFF-9838-402A-8683-8B266A0F61AC}
	EndGlobalSection
EndGlobal
