
Microsoft Visual Studio Solution File, Format Version 12.00
# Visual Studio Version 16
VisualStudioVersion = 16.0.29806.167
MinimumVisualStudioVersion = 10.0.40219.1
Project("{FAE04EC0-301F-11D3-BF4B-00C04F79EFBC}") = "HashTable", "HashTable\HashTable.csproj", "{FA3BF73B-5979-46E3-A681-64A0718568AF}"
EndProject
Global
	GlobalSection(SolutionConfigurationPlatforms) = preSolution
		Debug|Any CPU = Debug|Any CPU
		Release|Any CPU = Release|Any CPU
	EndGlobalSection
	GlobalSection(ProjectConfigurationPlatforms) = postSolution
		{FA3BF73B-5979-46E3-A681-64A0718568AF}.Debug|Any CPU.ActiveCfg = Debug|Any CPU
		{FA3BF73B-5979-46E3-A681-64A0718568AF}.Debug|Any CPU.Build.0 = Debug|Any CPU
		{FA3BF73B-5979-46E3-A681-64A0718568AF}.Release|Any CPU.ActiveCfg = Release|Any CPU
		{FA3BF73B-5979-46E3-A681-64A0718568AF}.Release|Any CPU.Build.0 = Release|Any CPU
	EndGlobalSection
	GlobalSection(SolutionProperties) = preSolution
		HideSolutionNode = FALSE
	EndGlobalSection
	GlobalSection(ExtensibilityGlobals) = postSolution
		SolutionGuid = {8B757EDA-1355-41CC-A6DC-5049353C4892}
	EndGlobalSection
EndGlobal
